
Microsoft Visual Studio Solution File, Format Version 12.00
# Visual Studio Version 16
VisualStudioVersion = 16.0.29123.88
MinimumVisualStudioVersion = 10.0.40219.1
Project("{FAE04EC0-301F-11D3-BF4B-00C04F79EFBC}") = "Tutorial1App", "Tutorial1App\Tutorial1App.csproj", "{1729750F-D317-45D2-A737-9B55DC089ADC}"
EndProject
Global
	GlobalSection(SolutionConfigurationPlatforms) = preSolution
		Debug|Any CPU = Debug|Any CPU
		Release|Any CPU = Release|Any CPU
	EndGlobalSection
	GlobalSection(ProjectConfigurationPlatforms) = postSolution
		{1729750F-D317-45D2-A737-9B55DC089ADC}.Debug|Any CPU.ActiveCfg = Debug|Any CPU
		{1729750F-D317-45D2-A737-9B55DC089ADC}.Debug|Any CPU.Build.0 = Debug|Any CPU
		{1729750F-D317-45D2-A737-9B55DC089ADC}.Release|Any CPU.ActiveCfg = Release|Any CPU
		{1729750F-D317-45D2-A737-9B55DC089ADC}.Release|Any CPU.Build.0 = Release|Any CPU
	EndGlobalSection
	GlobalSection(SolutionProperties) = preSolution
		HideSolutionNode = FALSE
	EndGlobalSection
	GlobalSection(ExtensibilityGlobals) = postSolution
		SolutionGuid = {B2635F5A-F28E-4ABF-A085-E616E0E53560}
	EndGlobalSection
EndGlobal
